
Microsoft Visual Studio Solution File, Format Version 12.00
Project("{FAE04EC0-301F-11D3-BF4B-00C04F9EFBC}") = "SearchAPI", "SearchAPI\SearchAPI.csproj", "{CCFD69A-369B-46DC-9A86-AB818055DEF}"
EndProject
Global
	GlobalSection(SolutionConfigurationPlatforms) = preSolution
		Debug|Any CPU = Debug|Any CPU
		Release|Any CPU = Release|Any CPU
	EndGlobalSection
	GlobalSection(ProjectConfigurationPlatforms) = postSolution
		{CCFD69A-369B-46DC-9A86-AB818055DEF}.Debug|Any CPU.ActiveCfg = Debug|Any CPU
		{CCFD69A-369B-46DC-9A86-AB818055DEF}.Debug|Any CPU.Build.0 = Debug|Any CPU
		{CCFD69A-369B-46DC-9A86-AB818055DEF}.Release|Any CPU.ActiveCfg = Release|Any CPU
		{CCFD69A-369B-46DC-9A86-AB818055DEF}.Release|Any CPU.Build.0 = Release|Any CPU
	EndGlobalSection
EndGlobal
